{
  "name": "bridge",
  "version": "1.0.0",
  "lockfileVersion": 3,
  "requires": true,
  "packages": {
    "": {
      "name": "bridge",
      "version": "1.0.0",
      "license": "ISC",
      "dependencies": {
        "frida-java-bridge": "^7.0.13"
      }
    },
    "node_modules/frida-java-bridge": {
      "version": "7.0.13",
      "resolved": "https://registry.npmjs.org/frida-java-bridge/-/frida-java-bridge-7.0.13.tgz",
      "integrity": "sha512-YSyKjxbxKnSi3KSUy9vciOvTOuq0RRh9dkxzkQVEdfIIZlw20zE8D3Cq9eL2FDqUVj4YKas6Wf09kCjL5zbffg==",
      "license": "LGPL-2.0 WITH WxWindows-exception-3.1"
    }
  }
}
